
Microsoft Visual Studio Solution File, Format Version 12.00
# Visual Studio Version 16
VisualStudioVersion = 16.0.31105.61
MinimumVisualStudioVersion = 10.0.40219.1
Project("{FAE04EC0-301F-11D3-BF4B-00C04F79EFBC}") = "POM_Remind", "POM_Remind\POM_Remind.csproj", "{F4DF48EC-2BA3-4EC5-BECA-85211C59D16C}"
EndProject
Global
	GlobalSection(SolutionConfigurationPlatforms) = preSolution
		Debug|Any CPU = Debug|Any CPU
		Release|Any CPU = Release|Any CPU
	EndGlobalSection
	GlobalSection(ProjectConfigurationPlatforms) = postSolution
		{F4DF48EC-2BA3-4EC5-BECA-85211C59D16C}.Debug|Any CPU.ActiveCfg = Debug|Any CPU
		{F4DF48EC-2BA3-4EC5-BECA-85211C59D16C}.Debug|Any CPU.Build.0 = Debug|Any CPU
		{F4DF48EC-2BA3-4EC5-BECA-85211C59D16C}.Release|Any CPU.ActiveCfg = Release|Any CPU
		{F4DF48EC-2BA3-4EC5-BECA-85211C59D16C}.Release|Any CPU.Build.0 = Release|Any CPU
	EndGlobalSection
	GlobalSection(SolutionProperties) = preSolution
		HideSolutionNode = FALSE
	EndGlobalSection
	GlobalSection(ExtensibilityGlobals) = postSolution
		SolutionGuid = {5B615CA1-3185-4224-B8C8-B7477DE4F199}
	EndGlobalSection
EndGlobal
